
Microsoft Visual Studio Solution File, Format Version 12.00
# Visual Studio Version 16
VisualStudioVersion = 16.0.29324.140
MinimumVisualStudioVersion = 10.0.40219.1
Project("{FAE04EC0-301F-11D3-BF4B-00C04F79EFBC}") = "ClientUdpNewEraForms", "ClientUdpNewEraForms\ClientUdpNewEraForms.csproj", "{6AC8370F-266E-42DD-B32D-A3C8ECB8DE08}"
EndProject
Global
	GlobalSection(SolutionConfigurationPlatforms) = preSolution
		Debug|Any CPU = Debug|Any CPU
		Release|Any CPU = Release|Any CPU
	EndGlobalSection
	GlobalSection(ProjectConfigurationPlatforms) = postSolution
		{6AC8370F-266E-42DD-B32D-A3C8ECB8DE08}.Debug|Any CPU.ActiveCfg = Debug|Any CPU
		{6AC8370F-266E-42DD-B32D-A3C8ECB8DE08}.Debug|Any CPU.Build.0 = Debug|Any CPU
		{6AC8370F-266E-42DD-B32D-A3C8ECB8DE08}.Release|Any CPU.ActiveCfg = Release|Any CPU
		{6AC8370F-266E-42DD-B32D-A3C8ECB8DE08}.Release|Any CPU.Build.0 = Release|Any CPU
	EndGlobalSection
	GlobalSection(SolutionProperties) = preSolution
		HideSolutionNode = FALSE
	EndGlobalSection
	GlobalSection(ExtensibilityGlobals) = postSolution
		SolutionGuid = {A5794DCD-B389-4880-8ECE-93CCC83F5A9C}
	EndGlobalSection
EndGlobal
